github.com/beorn7/perks v1.0.1 h1:VlbKKnNfV8bJzeqoa4cOKqO6bYr3WgKZxO8Z16+hsOM=
github.com/beorn7/perks v1.0.1/go.mod h1:G2ZrVWU2WbWT9wwq4/hrbKbnv/1ERSJQ0ibhJ6rlkpw=
github.com/cespare/xxhash/v2 v2.3.0 h1:UL815xU9SqsFlibzuggzjXhog7bL6oX9BbNZnL2UFvs=
github.com/cespare/xxhash/v2 v2.3.0/go.mod h1:VGX0DQ3Q6kWi7AoAeZDth3/j3BFtOZR5XLFGgcrjCOs=
github.com/munnerz/goautoneg v0.0.0-20190602004415-876f2712d567 h1:C3w9PqII01/Oq1c1nUAm88MOHcQC9l5mIlSMApZMrHA=
github.com/munnerz/goautoneg v0.0.0-20190602004415-876f2712d567/go.mod h1:+n7T8mK8HuQTcFwEeznm/DIxMOiR9yIdICNftLE1DvQ=
github.com/prometheus/client_golang v1.24.1 h1:CI5rUuB4sY4S2F9bAJGw47Kswl2pv3Qa5J0RkYoYiOk=
github.com/prometheus/client_golang v1.24.1/go.mod h1:0hZnxs4KqEFdGXh+K7WbwpKgsnqE5cLXT3zLzT6Ux7M=
github.com/prometheus/client_model v0.7.0 h1:U0cGyKbGKHwqYO94L5eJbNlxC17p0S68d3LpIqhA9qA=
github.com/prometheus/client_model v0.7.0/go.mod h1:5s0hQJjI8eVIX3wH+GXVqpX7JR0E9a4i2z4d4Hb6a90=
github.com/prometheus/common v0.67.0 h1:Mz/098Dxql5B0p2JHAXVS8vnJqVCkHjL4Nk8pT7sKRo=
github.com/prometheus/common v0.67.0/go.mod h1:8P9YGMl8Wf8Q9nTsYlJd0MHYwBNC0JmHkKsLOX0bOv0=
github.com/prometheus/procfs v0.17.0 h1:F+vk1eL503rJn3MS+K0L/KCN7G1V3mJLrL3XVc4l8cE=
github.com/prometheus/procfs v0.17.0/go.mod h1:oJ5NBJ4N0NMp5BpwlFPc0sy5lX5NJ10WJpMhTfJhV4A=
golang.org/x/sys v0.36.0 h1:KVRy2GtZBrAN1FTLQ9wix9nVlVhDqV7hI2JbqZq7L8E=
golang.org/x/sys v0.36.0/go.mod h1:Ov5cMXmN4jRQZHCiWg3PbH9O3ob31Zd6Cj1UeKShKZ8=
google.golang.org/protobuf v1.36.6 h1:z1N0Bo29Gq2r72J3bK63gxX2fa0N0KJEbmvjT/EnQ9Y=
google.golang.org/protobuf v1.36.6/go.mod h1:jduwjTPXsFjZ2mJFCQw8lN7EKh4Fy5zS5lA53vI02og=
